
Microsoft Visual Studio Solution File, Format Version 12.00
# Visual Studio 14
VisualStudioVersion = 14.0.23107.0
MinimumVisualStudioVersion = 10.0.40219.1
Project("{FAE04EC0-301F-11D3-BF4B-00C04F79EFBC}") = "DefiningClassesPart2", "DefiningClassesPart2\DefiningClassesPart2.csproj", "{3D783A94-B657-4C87-8913-DFBE5B5FD5FC}"
EndProject
Project("{FAE04EC0-301F-11D3-BF4B-00C04F79EFBC}") = "GenericClass", "GenericClass\GenericClass.csproj", "{EDD9822B-9930-4666-9B5C-E2F981218E28}"
EndProject
Project("{FAE04EC0-301F-11D3-BF4B-00C04F79EFBC}") = "Matrixes", "Matrixes\Matrixes.csproj", "{DD0AEB1B-42EF-46FE-85DE-AC4981FFA6E7}"
EndProject
Global
	GlobalSection(SolutionConfigurationPlatforms) = preSolution
		Debug|Any CPU = Debug|Any CPU
		Release|Any CPU = Release|Any CPU
	EndGlobalSection
	GlobalSection(ProjectConfigurationPlatforms) = postSolution
		{3D783A94-B657-4C87-8913-DFBE5B5FD5FC}.Debug|Any CPU.ActiveCfg = Debug|Any CPU
		{3D783A94-B657-4C87-8913-DFBE5B5FD5FC}.Debug|Any CPU.Build.0 = Debug|Any CPU
		{3D783A94-B657-4C87-8913-DFBE5B5FD5FC}.Release|Any CPU.ActiveCfg = Release|Any CPU
		{3D783A94-B657-4C87-8913-DFBE5B5FD5FC}.Release|Any CPU.Build.0 = Release|Any CPU
		{EDD9822B-9930-4666-9B5C-E2F981218E28}.Debug|Any CPU.ActiveCfg = Debug|Any CPU
		{EDD9822B-9930-4666-9B5C-E2F981218E28}.Debug|Any CPU.Build.0 = Debug|Any CPU
		{EDD9822B-9930-4666-9B5C-E2F981218E28}.Release|Any CPU.ActiveCfg = Release|Any CPU
		{EDD9822B-9930-4666-9B5C-E2F981218E28}.Release|Any CPU.Build.0 = Release|Any CPU
		{DD0AEB1B-42EF-46FE-85DE-AC4981FFA6E7}.Debug|Any CPU.ActiveCfg = Debug|Any CPU
		{DD0AEB1B-42EF-46FE-85DE-AC4981FFA6E7}.Debug|Any CPU.Build.0 = Debug|Any CPU
		{DD0AEB1B-42EF-46FE-85DE-AC4981FFA6E7}.Release|Any CPU.ActiveCfg = Release|Any CPU
		{DD0AEB1B-42EF-46FE-85DE-AC4981FFA6E7}.Release|Any CPU.Build.0 = Release|Any CPU
	EndGlobalSection
	GlobalSection(SolutionProperties) = preSolution
		HideSolutionNode = FALSE
	EndGlobalSection
EndGlobal
