
Microsoft Visual Studio Solution File, Format Version 12.00
# Visual Studio 14
VisualStudioVersion = 14.0.23107.0
MinimumVisualStudioVersion = 10.0.40219.1
Project("{FAE04EC0-301F-11D3-BF4B-00C04F79EFBC}") = "Shapes", "Shapes\Shapes.csproj", "{F22B7926-224C-4B27-9896-FAF093DA6596}"
EndProject
Project("{FAE04EC0-301F-11D3-BF4B-00C04F79EFBC}") = "Bank accounts", "Bank accounts\Bank accounts.csproj", "{286DDBE2-3C3F-44D9-9173-2282194C6408}"
EndProject
Project("{FAE04EC0-301F-11D3-BF4B-00C04F79EFBC}") = "Range_Exceptions", "Range_Exceptions\Range_Exceptions.csproj", "{7CD6FB56-9A8A-4DDA-AB9B-AC698D213230}"
EndProject
Global
	GlobalSection(SolutionConfigurationPlatforms) = preSolution
		Debug|Any CPU = Debug|Any CPU
		Release|Any CPU = Release|Any CPU
	EndGlobalSection
	GlobalSection(ProjectConfigurationPlatforms) = postSolution
		{F22B7926-224C-4B27-9896-FAF093DA6596}.Debug|Any CPU.ActiveCfg = Debug|Any CPU
		{F22B7926-224C-4B27-9896-FAF093DA6596}.Debug|Any CPU.Build.0 = Debug|Any CPU
		{F22B7926-224C-4B27-9896-FAF093DA6596}.Release|Any CPU.ActiveCfg = Release|Any CPU
		{F22B7926-224C-4B27-9896-FAF093DA6596}.Release|Any CPU.Build.0 = Release|Any CPU
		{286DDBE2-3C3F-44D9-9173-2282194C6408}.Debug|Any CPU.ActiveCfg = Debug|Any CPU
		{286DDBE2-3C3F-44D9-9173-2282194C6408}.Debug|Any CPU.Build.0 = Debug|Any CPU
		{286DDBE2-3C3F-44D9-9173-2282194C6408}.Release|Any CPU.ActiveCfg = Release|Any CPU
		{286DDBE2-3C3F-44D9-9173-2282194C6408}.Release|Any CPU.Build.0 = Release|Any CPU
		{7CD6FB56-9A8A-4DDA-AB9B-AC698D213230}.Debug|Any CPU.ActiveCfg = Debug|Any CPU
		{7CD6FB56-9A8A-4DDA-AB9B-AC698D213230}.Debug|Any CPU.Build.0 = Debug|Any CPU
		{7CD6FB56-9A8A-4DDA-AB9B-AC698D213230}.Release|Any CPU.ActiveCfg = Release|Any CPU
		{7CD6FB56-9A8A-4DDA-AB9B-AC698D213230}.Release|Any CPU.Build.0 = Release|Any CPU
	EndGlobalSection
	GlobalSection(SolutionProperties) = preSolution
		HideSolutionNode = FALSE
	EndGlobalSection
EndGlobal
