
Microsoft Visual Studio Solution File, Format Version 12.00
# Visual Studio 14
VisualStudioVersion = 14.0.23107.0
MinimumVisualStudioVersion = 10.0.40219.1
Project("{FAE04EC0-301F-11D3-BF4B-00C04F79EFBC}") = "SquareRoot", "SquareRoot\SquareRoot.csproj", "{678137FF-D499-4183-A2A5-58884A87047E}"
EndProject
Project("{FAE04EC0-301F-11D3-BF4B-00C04F79EFBC}") = "EnterNumbers", "EnterNumbers\EnterNumbers.csproj", "{4BB5414E-9231-49C5-B420-0781080796DB}"
EndProject
Global
	GlobalSection(SolutionConfigurationPlatforms) = preSolution
		Debug|Any CPU = Debug|Any CPU
		Release|Any CPU = Release|Any CPU
	EndGlobalSection
	GlobalSection(ProjectConfigurationPlatforms) = postSolution
		{678137FF-D499-4183-A2A5-58884A87047E}.Debug|Any CPU.ActiveCfg = Debug|Any CPU
		{678137FF-D499-4183-A2A5-58884A87047E}.Debug|Any CPU.Build.0 = Debug|Any CPU
		{678137FF-D499-4183-A2A5-58884A87047E}.Release|Any CPU.ActiveCfg = Release|Any CPU
		{678137FF-D499-4183-A2A5-58884A87047E}.Release|Any CPU.Build.0 = Release|Any CPU
		{4BB5414E-9231-49C5-B420-0781080796DB}.Debug|Any CPU.ActiveCfg = Debug|Any CPU
		{4BB5414E-9231-49C5-B420-0781080796DB}.Debug|Any CPU.Build.0 = Debug|Any CPU
		{4BB5414E-9231-49C5-B420-0781080796DB}.Release|Any CPU.ActiveCfg = Release|Any CPU
		{4BB5414E-9231-49C5-B420-0781080796DB}.Release|Any CPU.Build.0 = Release|Any CPU
	EndGlobalSection
	GlobalSection(SolutionProperties) = preSolution
		HideSolutionNode = FALSE
	EndGlobalSection
EndGlobal
