
Microsoft Visual Studio Solution File, Format Version 12.00
# Visual Studio 14
VisualStudioVersion = 14.0.23107.0
MinimumVisualStudioVersion = 10.0.40219.1
Project("{FAE04EC0-301F-11D3-BF4B-00C04F79EFBC}") = "HelloWorld", "HelloWorld\HelloWorld.csproj", "{9E927650-4A90-4F6C-9DBC-12F530C97C11}"
EndProject
Project("{FAE04EC0-301F-11D3-BF4B-00C04F79EFBC}") = "PrintNumbers", "PrintNumbers\PrintNumbers.csproj", "{0715E552-9729-4ED5-A2B2-405F5DB67F84}"
EndProject
Project("{FAE04EC0-301F-11D3-BF4B-00C04F79EFBC}") = "Sqrt", "Sqrt\Sqrt.csproj", "{DEB36BEA-B0C2-4D65-B9CA-06F7037AD10F}"
EndProject
Project("{FAE04EC0-301F-11D3-BF4B-00C04F79EFBC}") = "Sequence", "Sequence\Sequence.csproj", "{76744105-DED1-4832-B0A8-E2EE11389223}"
EndProject
Project("{FAE04EC0-301F-11D3-BF4B-00C04F79EFBC}") = "Age", "Age\Age.csproj", "{14B2AB22-0D45-495C-AC40-83428D8C3DD2}"
EndProject
Project("{FAE04EC0-301F-11D3-BF4B-00C04F79EFBC}") = "PrintLongSequence", "PrintLongSequence\PrintLongSequence.csproj", "{3A07950F-3862-4249-BB7D-3245E486E481}"
EndProject
Global
	GlobalSection(SolutionConfigurationPlatforms) = preSolution
		Debug|Any CPU = Debug|Any CPU
		Release|Any CPU = Release|Any CPU
	EndGlobalSection
	GlobalSection(ProjectConfigurationPlatforms) = postSolution
		{9E927650-4A90-4F6C-9DBC-12F530C97C11}.Debug|Any CPU.ActiveCfg = Debug|Any CPU
		{9E927650-4A90-4F6C-9DBC-12F530C97C11}.Debug|Any CPU.Build.0 = Debug|Any CPU
		{9E927650-4A90-4F6C-9DBC-12F530C97C11}.Release|Any CPU.ActiveCfg = Release|Any CPU
		{9E927650-4A90-4F6C-9DBC-12F530C97C11}.Release|Any CPU.Build.0 = Release|Any CPU
		{0715E552-9729-4ED5-A2B2-405F5DB67F84}.Debug|Any CPU.ActiveCfg = Debug|Any CPU
		{0715E552-9729-4ED5-A2B2-405F5DB67F84}.Debug|Any CPU.Build.0 = Debug|Any CPU
		{0715E552-9729-4ED5-A2B2-405F5DB67F84}.Release|Any CPU.ActiveCfg = Release|Any CPU
		{0715E552-9729-4ED5-A2B2-405F5DB67F84}.Release|Any CPU.Build.0 = Release|Any CPU
		{DEB36BEA-B0C2-4D65-B9CA-06F7037AD10F}.Debug|Any CPU.ActiveCfg = Debug|Any CPU
		{DEB36BEA-B0C2-4D65-B9CA-06F7037AD10F}.Debug|Any CPU.Build.0 = Debug|Any CPU
		{DEB36BEA-B0C2-4D65-B9CA-06F7037AD10F}.Release|Any CPU.ActiveCfg = Release|Any CPU
		{DEB36BEA-B0C2-4D65-B9CA-06F7037AD10F}.Release|Any CPU.Build.0 = Release|Any CPU
		{76744105-DED1-4832-B0A8-E2EE11389223}.Debug|Any CPU.ActiveCfg = Debug|Any CPU
		{76744105-DED1-4832-B0A8-E2EE11389223}.Debug|Any CPU.Build.0 = Debug|Any CPU
		{76744105-DED1-4832-B0A8-E2EE11389223}.Release|Any CPU.ActiveCfg = Release|Any CPU
		{76744105-DED1-4832-B0A8-E2EE11389223}.Release|Any CPU.Build.0 = Release|Any CPU
		{14B2AB22-0D45-495C-AC40-83428D8C3DD2}.Debug|Any CPU.ActiveCfg = Debug|Any CPU
		{14B2AB22-0D45-495C-AC40-83428D8C3DD2}.Debug|Any CPU.Build.0 = Debug|Any CPU
		{14B2AB22-0D45-495C-AC40-83428D8C3DD2}.Release|Any CPU.ActiveCfg = Release|Any CPU
		{14B2AB22-0D45-495C-AC40-83428D8C3DD2}.Release|Any CPU.Build.0 = Release|Any CPU
		{3A07950F-3862-4249-BB7D-3245E486E481}.Debug|Any CPU.ActiveCfg = Debug|Any CPU
		{3A07950F-3862-4249-BB7D-3245E486E481}.Debug|Any CPU.Build.0 = Debug|Any CPU
		{3A07950F-3862-4249-BB7D-3245E486E481}.Release|Any CPU.ActiveCfg = Release|Any CPU
		{3A07950F-3862-4249-BB7D-3245E486E481}.Release|Any CPU.Build.0 = Release|Any CPU
	EndGlobalSection
	GlobalSection(SolutionProperties) = preSolution
		HideSolutionNode = FALSE
	EndGlobalSection
EndGlobal
