
Microsoft Visual Studio Solution File, Format Version 12.00
# Visual Studio 14
VisualStudioVersion = 14.0.23107.0
MinimumVisualStudioVersion = 10.0.40219.1
Project("{FAE04EC0-301F-11D3-BF4B-00C04F79EFBC}") = "1.BirdsAndFeathers", "1.BirdsAndFeathers\1.BirdsAndFeathers.csproj", "{18E21812-5E4D-4AEE-B3FD-05E45D6F3991}"
EndProject
Project("{FAE04EC0-301F-11D3-BF4B-00C04F79EFBC}") = "2.Buses", "2.Buses\2.Buses.csproj", "{7B334A36-EFC6-4338-BB7E-441667FCEBCD}"
EndProject
Project("{FAE04EC0-301F-11D3-BF4B-00C04F79EFBC}") = "3.NumberOfPages", "3.NumberOfPages\3.NumberOfPages.csproj", "{2DCE1CC2-5912-4F81-BB0E-5B4AA89FDA7C}"
EndProject
Project("{FAE04EC0-301F-11D3-BF4B-00C04F79EFBC}") = "4.Batman", "4.Batman\4.Batman.csproj", "{35C9D3FF-B090-4CA7-AED7-8D88D590349A}"
EndProject
Project("{FAE04EC0-301F-11D3-BF4B-00C04F79EFBC}") = "5.BobiAvokadoto", "5.BobiAvokadoto\5.BobiAvokadoto.csproj", "{EAA384C6-E92A-4A6C-ACA5-BC7D6EE5EE91}"
EndProject
Project("{FAE04EC0-301F-11D3-BF4B-00C04F79EFBC}") = "Bobi555", "Bobi555\Bobi555.csproj", "{2E0F98D8-4A97-4DFF-ABA6-5444EA95FAD1}"
EndProject
Global
	GlobalSection(SolutionConfigurationPlatforms) = preSolution
		Debug|Any CPU = Debug|Any CPU
		Release|Any CPU = Release|Any CPU
	EndGlobalSection
	GlobalSection(ProjectConfigurationPlatforms) = postSolution
		{18E21812-5E4D-4AEE-B3FD-05E45D6F3991}.Debug|Any CPU.ActiveCfg = Debug|Any CPU
		{18E21812-5E4D-4AEE-B3FD-05E45D6F3991}.Debug|Any CPU.Build.0 = Debug|Any CPU
		{18E21812-5E4D-4AEE-B3FD-05E45D6F3991}.Release|Any CPU.ActiveCfg = Release|Any CPU
		{18E21812-5E4D-4AEE-B3FD-05E45D6F3991}.Release|Any CPU.Build.0 = Release|Any CPU
		{7B334A36-EFC6-4338-BB7E-441667FCEBCD}.Debug|Any CPU.ActiveCfg = Debug|Any CPU
		{7B334A36-EFC6-4338-BB7E-441667FCEBCD}.Debug|Any CPU.Build.0 = Debug|Any CPU
		{7B334A36-EFC6-4338-BB7E-441667FCEBCD}.Release|Any CPU.ActiveCfg = Release|Any CPU
		{7B334A36-EFC6-4338-BB7E-441667FCEBCD}.Release|Any CPU.Build.0 = Release|Any CPU
		{2DCE1CC2-5912-4F81-BB0E-5B4AA89FDA7C}.Debug|Any CPU.ActiveCfg = Debug|Any CPU
		{2DCE1CC2-5912-4F81-BB0E-5B4AA89FDA7C}.Debug|Any CPU.Build.0 = Debug|Any CPU
		{2DCE1CC2-5912-4F81-BB0E-5B4AA89FDA7C}.Release|Any CPU.ActiveCfg = Release|Any CPU
		{2DCE1CC2-5912-4F81-BB0E-5B4AA89FDA7C}.Release|Any CPU.Build.0 = Release|Any CPU
		{35C9D3FF-B090-4CA7-AED7-8D88D590349A}.Debug|Any CPU.ActiveCfg = Debug|Any CPU
		{35C9D3FF-B090-4CA7-AED7-8D88D590349A}.Debug|Any CPU.Build.0 = Debug|Any CPU
		{35C9D3FF-B090-4CA7-AED7-8D88D590349A}.Release|Any CPU.ActiveCfg = Release|Any CPU
		{35C9D3FF-B090-4CA7-AED7-8D88D590349A}.Release|Any CPU.Build.0 = Release|Any CPU
		{EAA384C6-E92A-4A6C-ACA5-BC7D6EE5EE91}.Debug|Any CPU.ActiveCfg = Debug|Any CPU
		{EAA384C6-E92A-4A6C-ACA5-BC7D6EE5EE91}.Debug|Any CPU.Build.0 = Debug|Any CPU
		{EAA384C6-E92A-4A6C-ACA5-BC7D6EE5EE91}.Release|Any CPU.ActiveCfg = Release|Any CPU
		{EAA384C6-E92A-4A6C-ACA5-BC7D6EE5EE91}.Release|Any CPU.Build.0 = Release|Any CPU
		{2E0F98D8-4A97-4DFF-ABA6-5444EA95FAD1}.Debug|Any CPU.ActiveCfg = Debug|Any CPU
		{2E0F98D8-4A97-4DFF-ABA6-5444EA95FAD1}.Debug|Any CPU.Build.0 = Debug|Any CPU
		{2E0F98D8-4A97-4DFF-ABA6-5444EA95FAD1}.Release|Any CPU.ActiveCfg = Release|Any CPU
		{2E0F98D8-4A97-4DFF-ABA6-5444EA95FAD1}.Release|Any CPU.Build.0 = Release|Any CPU
	EndGlobalSection
	GlobalSection(SolutionProperties) = preSolution
		HideSolutionNode = FALSE
	EndGlobalSection
EndGlobal
