
Microsoft Visual Studio Solution File, Format Version 12.00
# Visual Studio 14
VisualStudioVersion = 14.0.23107.0
MinimumVisualStudioVersion = 10.0.40219.1
Project("{FAE04EC0-301F-11D3-BF4B-00C04F79EFBC}") = "ExchangeNumbers", "ExchangeNumbers\ExchangeNumbers.csproj", "{71FB38DA-F24D-44FF-97BA-E9C0D62ADF2B}"
EndProject
Project("{FAE04EC0-301F-11D3-BF4B-00C04F79EFBC}") = "BonusScore", "BonusScore\BonusScore.csproj", "{587142A4-EF28-46DF-8EC4-010A07E46988}"
EndProject
Project("{FAE04EC0-301F-11D3-BF4B-00C04F79EFBC}") = "PlayCard", "PlayCard\PlayCard.csproj", "{92E1A955-1A65-422E-8F1F-0D0225B32B95}"
EndProject
Project("{FAE04EC0-301F-11D3-BF4B-00C04F79EFBC}") = "MultiplicationSign", "MultiplicationSign\MultiplicationSign.csproj", "{4A7755C7-D3A9-4B3A-8F48-D4820811036C}"
EndProject
Project("{FAE04EC0-301F-11D3-BF4B-00C04F79EFBC}") = "BiggestOf3", "BiggestOf3\BiggestOf3.csproj", "{CC595109-C85D-4029-9420-2A0397A8EE91}"
EndProject
Project("{FAE04EC0-301F-11D3-BF4B-00C04F79EFBC}") = "BiggestOf5", "BiggestOf5\BiggestOf5.csproj", "{76FB4730-ECC7-492B-BE3F-9655ADF8CA13}"
EndProject
Project("{FAE04EC0-301F-11D3-BF4B-00C04F79EFBC}") = "Sort3Numbers", "Sort3Numbers\Sort3Numbers.csproj", "{8132FDAB-5592-407A-A4AD-20085FF732C5}"
EndProject
Project("{FAE04EC0-301F-11D3-BF4B-00C04F79EFBC}") = "DigitAsWord", "DigitAsWord\DigitAsWord.csproj", "{B762D6C4-6FAB-4BA4-BB48-CB660B98974E}"
EndProject
Project("{FAE04EC0-301F-11D3-BF4B-00C04F79EFBC}") = "IntDoubleString", "IntDoubleString\IntDoubleString.csproj", "{15FE46C7-72DB-4EDD-99F0-678A950E90C4}"
EndProject
Global
	GlobalSection(SolutionConfigurationPlatforms) = preSolution
		Debug|Any CPU = Debug|Any CPU
		Release|Any CPU = Release|Any CPU
	EndGlobalSection
	GlobalSection(ProjectConfigurationPlatforms) = postSolution
		{71FB38DA-F24D-44FF-97BA-E9C0D62ADF2B}.Debug|Any CPU.ActiveCfg = Debug|Any CPU
		{71FB38DA-F24D-44FF-97BA-E9C0D62ADF2B}.Debug|Any CPU.Build.0 = Debug|Any CPU
		{71FB38DA-F24D-44FF-97BA-E9C0D62ADF2B}.Release|Any CPU.ActiveCfg = Release|Any CPU
		{71FB38DA-F24D-44FF-97BA-E9C0D62ADF2B}.Release|Any CPU.Build.0 = Release|Any CPU
		{587142A4-EF28-46DF-8EC4-010A07E46988}.Debug|Any CPU.ActiveCfg = Debug|Any CPU
		{587142A4-EF28-46DF-8EC4-010A07E46988}.Debug|Any CPU.Build.0 = Debug|Any CPU
		{587142A4-EF28-46DF-8EC4-010A07E46988}.Release|Any CPU.ActiveCfg = Release|Any CPU
		{587142A4-EF28-46DF-8EC4-010A07E46988}.Release|Any CPU.Build.0 = Release|Any CPU
		{92E1A955-1A65-422E-8F1F-0D0225B32B95}.Debug|Any CPU.ActiveCfg = Debug|Any CPU
		{92E1A955-1A65-422E-8F1F-0D0225B32B95}.Debug|Any CPU.Build.0 = Debug|Any CPU
		{92E1A955-1A65-422E-8F1F-0D0225B32B95}.Release|Any CPU.ActiveCfg = Release|Any CPU
		{92E1A955-1A65-422E-8F1F-0D0225B32B95}.Release|Any CPU.Build.0 = Release|Any CPU
		{4A7755C7-D3A9-4B3A-8F48-D4820811036C}.Debug|Any CPU.ActiveCfg = Debug|Any CPU
		{4A7755C7-D3A9-4B3A-8F48-D4820811036C}.Debug|Any CPU.Build.0 = Debug|Any CPU
		{4A7755C7-D3A9-4B3A-8F48-D4820811036C}.Release|Any CPU.ActiveCfg = Release|Any CPU
		{4A7755C7-D3A9-4B3A-8F48-D4820811036C}.Release|Any CPU.Build.0 = Release|Any CPU
		{CC595109-C85D-4029-9420-2A0397A8EE91}.Debug|Any CPU.ActiveCfg = Debug|Any CPU
		{CC595109-C85D-4029-9420-2A0397A8EE91}.Debug|Any CPU.Build.0 = Debug|Any CPU
		{CC595109-C85D-4029-9420-2A0397A8EE91}.Release|Any CPU.ActiveCfg = Release|Any CPU
		{CC595109-C85D-4029-9420-2A0397A8EE91}.Release|Any CPU.Build.0 = Release|Any CPU
		{76FB4730-ECC7-492B-BE3F-9655ADF8CA13}.Debug|Any CPU.ActiveCfg = Debug|Any CPU
		{76FB4730-ECC7-492B-BE3F-9655ADF8CA13}.Debug|Any CPU.Build.0 = Debug|Any CPU
		{76FB4730-ECC7-492B-BE3F-9655ADF8CA13}.Release|Any CPU.ActiveCfg = Release|Any CPU
		{76FB4730-ECC7-492B-BE3F-9655ADF8CA13}.Release|Any CPU.Build.0 = Release|Any CPU
		{8132FDAB-5592-407A-A4AD-20085FF732C5}.Debug|Any CPU.ActiveCfg = Debug|Any CPU
		{8132FDAB-5592-407A-A4AD-20085FF732C5}.Debug|Any CPU.Build.0 = Debug|Any CPU
		{8132FDAB-5592-407A-A4AD-20085FF732C5}.Release|Any CPU.ActiveCfg = Release|Any CPU
		{8132FDAB-5592-407A-A4AD-20085FF732C5}.Release|Any CPU.Build.0 = Release|Any CPU
		{B762D6C4-6FAB-4BA4-BB48-CB660B98974E}.Debug|Any CPU.ActiveCfg = Debug|Any CPU
		{B762D6C4-6FAB-4BA4-BB48-CB660B98974E}.Debug|Any CPU.Build.0 = Debug|Any CPU
		{B762D6C4-6FAB-4BA4-BB48-CB660B98974E}.Release|Any CPU.ActiveCfg = Release|Any CPU
		{B762D6C4-6FAB-4BA4-BB48-CB660B98974E}.Release|Any CPU.Build.0 = Release|Any CPU
		{15FE46C7-72DB-4EDD-99F0-678A950E90C4}.Debug|Any CPU.ActiveCfg = Debug|Any CPU
		{15FE46C7-72DB-4EDD-99F0-678A950E90C4}.Debug|Any CPU.Build.0 = Debug|Any CPU
		{15FE46C7-72DB-4EDD-99F0-678A950E90C4}.Release|Any CPU.ActiveCfg = Release|Any CPU
		{15FE46C7-72DB-4EDD-99F0-678A950E90C4}.Release|Any CPU.Build.0 = Release|Any CPU
	EndGlobalSection
	GlobalSection(SolutionProperties) = preSolution
		HideSolutionNode = FALSE
	EndGlobalSection
EndGlobal
